// !$*UTF8*$!
{
	archiveVersion = 1;
	classes = {
	};
	objectVersion = 56;
	objects = {

/* Begin PBXBuildFile section */
		DFA674CA2A19AA2C00E6D58E /* MealGeneratorApp.swift in Sources */ = {isa = PBXBuildFile; fileRef = DFA674C92A19AA2C00E6D58E /* MealGeneratorApp.swift */; };
		DFA674CC2A19AA2C00E6D58E /* ContentView.swift in Sources */ = {isa = PBXBuildFile; fileRef = DFA674CB2A19AA2C00E6D58E /* ContentView.swift */; };
		DFA674CE2A19AA2D00E6D58E /* Assets.xcassets in Resources */ = {isa = PBXBuildFile; fileRef = DFA674CD2A19AA2D00E6D58E /* Assets.xcassets */; };
		DFA674D12A19AA2D00E6D58E /* Preview Assets.xcassets in Resources */ = {isa = PBXBuildFile; fileRef = DFA674D02A19AA2D00E6D58E /* Preview Assets.xcassets */; };
		DFA674DB2A19AA2E00E6D58E /* MealGeneratorTests.swift in Sources */ = {isa = PBXBuildFile; fileRef = DFA674DA2A19AA2E00E6D58E /* MealGeneratorTests.swift */; };
		DFA674E52A19AA2E00E6D58E /* MealGeneratorUITests.swift in Sources */ = {isa = PBXBuildFile; fileRef = DFA674E42A19AA2E00E6D58E /* MealGeneratorUITests.swift */; };
		DFA674E72A19AA2E00E6D58E /* MealGeneratorUITestsLaunchTests.swift in Sources */ = {isa = PBXBuildFile; fileRef = DFA674E62A19AA2E00E6D58E /* MealGeneratorUITestsLaunchTests.swift */; };
		DFA674F42A19AA4300E6D58E /* MealData.swift in Sources */ = {isa = PBXBuildFile; fileRef = DFA674F32A19AA4300E6D58E /* MealData.swift */; };
		DFA674F62A19AD9300E6D58E /* MealGenerator.swift in Sources */ = {isa = PBXBuildFile; fileRef = DFA674F52A19AD9300E6D58E /* MealGenerator.swift */; };
		DFA674FA2A1ACF8B00E6D58E /* AsyncImageView.swift in Sources */ = {isa = PBXBuildFile; fileRef = DFA674F92A1ACF8B00E6D58E /* AsyncImageView.swift */; };
		DFA674FC2A1C096300E6D58E /* DessertData.swift in Sources */ = {isa = PBXBuildFile; fileRef = DFA674FB2A1C096300E6D58E /* DessertData.swift */; };
/* End PBXBuildFile section */

/* Begin PBXContainerItemProxy section */
		DFA674D72A19AA2E00E6D58E /* PBXContainerItemProxy */ = {
			isa = PBXContainerItemProxy;
			containerPortal = DFA674BE2A19AA2C00E6D58E /* Project object */;
			proxyType = 1;
			remoteGlobalIDString = DFA674C52A19AA2C00E6D58E;
			remoteInfo = MealGenerator;
		};
		DFA674E12A19AA2E00E6D58E /* PBXContainerItemProxy */ = {
			isa = PBXContainerItemProxy;
			containerPortal = DFA674BE2A19AA2C00E6D58E /* Project object */;
			proxyType = 1;
			remoteGlobalIDString = DFA674C52A19AA2C00E6D58E;
			remoteInfo = MealGenerator;
		};
/* End PBXContainerItemProxy section */

/* Begin PBXFileReference section */
		DFA674C62A19AA2C00E6D58E /* MealGenerator.app */ = {isa = PBXFileReference; explicitFileType = wrapper.application; includeInIndex = 0; path = MealGenerator.app; sourceTree = BUILT_PRODUCTS_DIR; };
		DFA674C92A19AA2C00E6D58E /* MealGeneratorApp.swift */ = {isa = PBXFileReference; lastKnownFileType = sourcecode.swift; path = MealGeneratorApp.swift; sourceTree = "<group>"; };
		DFA674CB2A19AA2C00E6D58E /* ContentView.swift */ = {isa = PBXFileReference; lastKnownFileType = sourcecode.swift; path = ContentView.swift; sourceTree = "<group>"; };
		DFA674CD2A19AA2D00E6D58E /* Assets.xcassets */ = {isa = PBXFileReference; lastKnownFileType = folder.assetcatalog; path = Assets.xcassets; sourceTree = "<group>"; };
		DFA674D02A19AA2D00E6D58E /* Preview Assets.xcassets */ = {isa = PBXFileReference; lastKnownFileType = folder.assetcatalog; path = "Preview Assets.xcassets"; sourceTree = "<group>"; };
		DFA674D62A19AA2E00E6D58E /* MealGeneratorTests.xctest */ = {isa = PBXFileReference; explicitFileType = wrapper.cfbundle; includeInIndex = 0; path = MealGeneratorTests.xctest; sourceTree = BUILT_PRODUCTS_DIR; };
		DFA674DA2A19AA2E00E6D58E /* MealGeneratorTests.swift */ = {isa = PBXFileReference; lastKnownFileType = sourcecode.swift; path = MealGeneratorTests.swift; sourceTree = "<group>"; };
		DFA674E02A19AA2E00E6D58E /* MealGeneratorUITests.xctest */ = {isa = PBXFileReference; explicitFileType = wrapper.cfbundle; includeInIndex = 0; path = MealGeneratorUITests.xctest; sourceTree = BUILT_PRODUCTS_DIR; };
		DFA674E42A19AA2E00E6D58E /* MealGeneratorUITests.swift */ = {isa = PBXFileReference; lastKnownFileType = sourcecode.swift; path = MealGeneratorUITests.swift; sourceTree = "<group>"; };
		DFA674E62A19AA2E00E6D58E /* MealGeneratorUITestsLaunchTests.swift */ = {isa = PBXFileReference; lastKnownFileType = sourcecode.swift; path = MealGeneratorUITestsLaunchTests.swift; sourceTree = "<group>"; };
		DFA674F32A19AA4300E6D58E /* MealData.swift */ = {isa = PBXFileReference; lastKnownFileType = sourcecode.swift; path = MealData.swift; sourceTree = "<group>"; };
		DFA674F52A19AD9300E6D58E /* MealGenerator.swift */ = {isa = PBXFileReference; lastKnownFileType = sourcecode.swift; path = MealGenerator.swift; sourceTree = "<group>"; };
		DFA674F92A1ACF8B00E6D58E /* AsyncImageView.swift */ = {isa = PBXFileReference; lastKnownFileType = sourcecode.swift; path = AsyncImageView.swift; sourceTree = "<group>"; };
		DFA674FB2A1C096300E6D58E /* DessertData.swift */ = {isa = PBXFileReference; lastKnownFileType = sourcecode.swift; path = DessertData.swift; sourceTree = "<group>"; };
/* End PBXFileReference section */

/* Begin PBXFrameworksBuildPhase section */
		DFA674C32A19AA2C00E6D58E /* Frameworks */ = {
			isa = PBXFrameworksBuildPhase;
			buildActionMask = 2147483647;
			files = (
			);
			runOnlyForDeploymentPostprocessing = 0;
		};
		DFA674D32A19AA2E00E6D58E /* Frameworks */ = {
			isa = PBXFrameworksBuildPhase;
			buildActionMask = 2147483647;
			files = (
			);
			runOnlyForDeploymentPostprocessing = 0;
		};
		DFA674DD2A19AA2E00E6D58E /* Frameworks */ = {
			isa = PBXFrameworksBuildPhase;
			buildActionMask = 2147483647;
			files = (
			);
			runOnlyForDeploymentPostprocessing = 0;
		};
/* End PBXFrameworksBuildPhase section */

/* Begin PBXGroup section */
		DFA674BD2A19AA2C00E6D58E = {
			isa = PBXGroup;
			children = (
				DFA674C82A19AA2C00E6D58E /* MealGenerator */,
				DFA674D92A19AA2E00E6D58E /* MealGeneratorTests */,
				DFA674E32A19AA2E00E6D58E /* MealGeneratorUITests */,
				DFA674C72A19AA2C00E6D58E /* Products */,
			);
			sourceTree = "<group>";
		};
		DFA674C72A19AA2C00E6D58E /* Products */ = {
			isa = PBXGroup;
			children = (
				DFA674C62A19AA2C00E6D58E /* MealGenerator.app */,
				DFA674D62A19AA2E00E6D58E /* MealGeneratorTests.xctest */,
				DFA674E02A19AA2E00E6D58E /* MealGeneratorUITests.xctest */,
			);
			name = Products;
			sourceTree = "<group>";
		};
		DFA674C82A19AA2C00E6D58E /* MealGenerator */ = {
			isa = PBXGroup;
			children = (
				DFA674C92A19AA2C00E6D58E /* MealGeneratorApp.swift */,
				DFA674CB2A19AA2C00E6D58E /* ContentView.swift */,
				DFA674F92A1ACF8B00E6D58E /* AsyncImageView.swift */,
				DFA674CD2A19AA2D00E6D58E /* Assets.xcassets */,
				DFA674CF2A19AA2D00E6D58E /* Preview Content */,
				DFA674F32A19AA4300E6D58E /* MealData.swift */,
				DFA674FB2A1C096300E6D58E /* DessertData.swift */,
				DFA674F52A19AD9300E6D58E /* MealGenerator.swift */,
			);
			path = MealGenerator;
			sourceTree = "<group>";
		};
		DFA674CF2A19AA2D00E6D58E /* Preview Content */ = {
			isa = PBXGroup;
			children = (
				DFA674D02A19AA2D00E6D58E /* Preview Assets.xcassets */,
			);
			path = "Preview Content";
			sourceTree = "<group>";
		};
		DFA674D92A19AA2E00E6D58E /* MealGeneratorTests */ = {
			isa = PBXGroup;
			children = (
				DFA674DA2A19AA2E00E6D58E /* MealGeneratorTests.swift */,
			);
			path = MealGeneratorTests;
			sourceTree = "<group>";
		};
		DFA674E32A19AA2E00E6D58E /* MealGeneratorUITests */ = {
			isa = PBXGroup;
			children = (
				DFA674E42A19AA2E00E6D58E /* MealGeneratorUITests.swift */,
				DFA674E62A19AA2E00E6D58E /* MealGeneratorUITestsLaunchTests.swift */,
			);
			path = MealGeneratorUITests;
			sourceTree = "<group>";
		};
/* End PBXGroup section */

/* Begin PBXNativeTarget section */
		DFA674C52A19AA2C00E6D58E /* MealGenerator */ = {
			isa = PBXNativeTarget;
			buildConfigurationList = DFA674EA2A19AA2E00E6D58E /* Build configuration list for PBXNativeTarget "MealGenerator" */;
			buildPhases = (
				DFA674C22A19AA2C00E6D58E /* Sources */,
				DFA674C32A19AA2C00E6D58E /* Frameworks */,
				DFA674C42A19AA2C00E6D58E /* Resources */,
			);
			buildRules = (
			);
			dependencies = (
			);
			name = MealGenerator;
			productName = MealGenerator;
			productReference = DFA674C62A19AA2C00E6D58E /* MealGenerator.app */;
			productType = "com.apple.product-type.application";
		};
		DFA674D52A19AA2E00E6D58E /* MealGeneratorTests */ = {
			isa = PBXNativeTarget;
			buildConfigurationList = DFA674ED2A19AA2E00E6D58E /* Build configuration list for PBXNativeTarget "MealGeneratorTests" */;
			buildPhases = (
				DFA674D22A19AA2E00E6D58E /* Sources */,
				DFA674D32A19AA2E00E6D58E /* Frameworks */,
				DFA674D42A19AA2E00E6D58E /* Resources */,
			);
			buildRules = (
			);
			dependencies = (
				DFA674D82A19AA2E00E6D58E /* PBXTargetDependency */,
			);
			name = MealGeneratorTests;
			productName = MealGeneratorTests;
			productReference = DFA674D62A19AA2E00E6D58E /* MealGeneratorTests.xctest */;
			productType = "com.apple.product-type.bundle.unit-test";
		};
		DFA674DF2A19AA2E00E6D58E /* MealGeneratorUITests */ = {
			isa = PBXNativeTarget;
			buildConfigurationList = DFA674F02A19AA2E00E6D58E /* Build configuration list for PBXNativeTarget "MealGeneratorUITests" */;
			buildPhases = (
				DFA674DC2A19AA2E00E6D58E /* Sources */,
				DFA674DD2A19AA2E00E6D58E /* Frameworks */,
				DFA674DE2A19AA2E00E6D58E /* Resources */,
			);
			buildRules = (
			);
			dependencies = (
				DFA674E22A19AA2E00E6D58E /* PBXTargetDependency */,
			);
			name = MealGeneratorUITests;
			productName = MealGeneratorUITests;
			productReference = DFA674E02A19AA2E00E6D58E /* MealGeneratorUITests.xctest */;
			productType = "com.apple.product-type.bundle.ui-testing";
		};
/* End PBXNativeTarget section */

/* Begin PBXProject section */
		DFA674BE2A19AA2C00E6D58E /* Project object */ = {
			isa = PBXProject;
			attributes = {
				BuildIndependentTargetsInParallel = 1;
				LastSwiftUpdateCheck = 1430;
				LastUpgradeCheck = 1430;
				TargetAttributes = {
					DFA674C52A19AA2C00E6D58E = {
						CreatedOnToolsVersion = 14.3;
					};
					DFA674D52A19AA2E00E6D58E = {
						CreatedOnToolsVersion = 14.3;
						TestTargetID = DFA674C52A19AA2C00E6D58E;
					};
					DFA674DF2A19AA2E00E6D58E = {
						CreatedOnToolsVersion = 14.3;
						TestTargetID = DFA674C52A19AA2C00E6D58E;
					};
				};
			};
			buildConfigurationList = DFA674C12A19AA2C00E6D58E /* Build configuration list for PBXProject "MealGenerator" */;
			compatibilityVersion = "Xcode 14.0";
			developmentRegion = en;
			hasScannedForEncodings = 0;
			knownRegions = (
				en,
				Base,
			);
			mainGroup = DFA674BD2A19AA2C00E6D58E;
			productRefGroup = DFA674C72A19AA2C00E6D58E /* Products */;
			projectDirPath = "";
			projectRoot = "";
			targets = (
				DFA674C52A19AA2C00E6D58E /* MealGenerator */,
				DFA674D52A19AA2E00E6D58E /* MealGeneratorTests */,
				DFA674DF2A19AA2E00E6D58E /* MealGeneratorUITests */,
			);
		};
/* End PBXProject section */

/* Begin PBXResourcesBuildPhase section */
		DFA674C42A19AA2C00E6D58E /* Resources */ = {
			isa = PBXResourcesBuildPhase;
			buildActionMask = 2147483647;
			files = (
				DFA674D12A19AA2D00E6D58E /* Preview Assets.xcassets in Resources */,
				DFA674CE2A19AA2D00E6D58E /* Assets.xcassets in Resources */,
			);
			runOnlyForDeploymentPostprocessing = 0;
		};
		DFA674D42A19AA2E00E6D58E /* Resources */ = {
			isa = PBXResourcesBuildPhase;
			buildActionMask = 2147483647;
			files = (
			);
			runOnlyForDeploymentPostprocessing = 0;
		};
		DFA674DE2A19AA2E00E6D58E /* Resources */ = {
			isa = PBXResourcesBuildPhase;
			buildActionMask = 2147483647;
			files = (
			);
			runOnlyForDeploymentPostprocessing = 0;
		};
/* End PBXResourcesBuildPhase section */

/* Begin PBXSourcesBuildPhase section */
		DFA674C22A19AA2C00E6D58E /* Sources */ = {
			isa = PBXSourcesBuildPhase;
			buildActionMask = 2147483647;
			files = (
				DFA674F62A19AD9300E6D58E /* MealGenerator.swift in Sources */,
				DFA674CC2A19AA2C00E6D58E /* ContentView.swift in Sources */,
				DFA674FC2A1C096300E6D58E /* DessertData.swift in Sources */,
				DFA674CA2A19AA2C00E6D58E /* MealGeneratorApp.swift in Sources */,
				DFA674FA2A1ACF8B00E6D58E /* AsyncImageView.swift in Sources */,
				DFA674F42A19AA4300E6D58E /* MealData.swift in Sources */,
			);
			runOnlyForDeploymentPostprocessing = 0;
		};
		DFA674D22A19AA2E00E6D58E /* Sources */ = {
			isa = PBXSourcesBuildPhase;
			buildActionMask = 2147483647;
			files = (
				DFA674DB2A19AA2E00E6D58E /* MealGeneratorTests.swift in Sources */,
			);
			runOnlyForDeploymentPostprocessing = 0;
		};
		DFA674DC2A19AA2E00E6D58E /* Sources */ = {
			isa = PBXSourcesBuildPhase;
			buildActionMask = 2147483647;
			files = (
				DFA674E52A19AA2E00E6D58E /* MealGeneratorUITests.swift in Sources */,
				DFA674E72A19AA2E00E6D58E /* MealGeneratorUITestsLaunchTests.swift in Sources */,
			);
			runOnlyForDeploymentPostprocessing = 0;
		};
/* End PBXSourcesBuildPhase section */

/* Begin PBXTargetDependency section */
		DFA674D82A19AA2E00E6D58E /* PBXTargetDependency */ = {
			isa = PBXTargetDependency;
			target = DFA674C52A19AA2C00E6D58E /* MealGenerator */;
			targetProxy = DFA674D72A19AA2E00E6D58E /* PBXContainerItemProxy */;
		};
		DFA674E22A19AA2E00E6D58E /* PBXTargetDependency */ = {
			isa = PBXTargetDependency;
			target = DFA674C52A19AA2C00E6D58E /* MealGenerator */;
			targetProxy = DFA674E12A19AA2E00E6D58E /* PBXContainerItemProxy */;
		};
/* End PBXTargetDependency section */

/* Begin XCBuildConfiguration section */
		DFA674E82A19AA2E00E6D58E /* Debug */ = {
			isa = XCBuildConfiguration;
			buildSettings = {
				ALWAYS_SEARCH_USER_PATHS = NO;
				CLANG_ANALYZER_NONNULL = YES;
				CLANG_ANALYZER_NUMBER_OBJECT_CONVERSION = YES_AGGRESSIVE;
				CLANG_CXX_LANGUAGE_STANDARD = "gnu++20";
				CLANG_ENABLE_MODULES = YES;
				CLANG_ENABLE_OBJC_ARC = YES;
				CLANG_ENABLE_OBJC_WEAK = YES;
				CLANG_WARN_BLOCK_CAPTURE_AUTORELEASING = YES;
				CLANG_WARN_BOOL_CONVERSION = YES;
				CLANG_WARN_COMMA = YES;
				CLANG_WARN_CONSTANT_CONVERSION = YES;
				CLANG_WARN_DEPRECATED_OBJC_IMPLEMENTATIONS = YES;
				CLANG_WARN_DIRECT_OBJC_ISA_USAGE = YES_ERROR;
				CLANG_WARN_DOCUMENTATION_COMMENTS = YES;
				CLANG_WARN_EMPTY_BODY = YES;
				CLANG_WARN_ENUM_CONVERSION = YES;
				CLANG_WARN_INFINITE_RECURSION = YES;
				CLANG_WARN_INT_CONVERSION = YES;
				CLANG_WARN_NON_LITERAL_NULL_CONVERSION = YES;
				CLANG_WARN_OBJC_IMPLICIT_RETAIN_SELF = YES;
				CLANG_WARN_OBJC_LITERAL_CONVERSION = YES;
				CLANG_WARN_OBJC_ROOT_CLASS = YES_ERROR;
				CLANG_WARN_QUOTED_INCLUDE_IN_FRAMEWORK_HEADER = YES;
				CLANG_WARN_RANGE_LOOP_ANALYSIS = YES;
				CLANG_WARN_STRICT_PROTOTYPES = YES;
				CLANG_WARN_SUSPICIOUS_MOVE = YES;
				CLANG_WARN_UNGUARDED_AVAILABILITY = YES_AGGRESSIVE;
				CLANG_WARN_UNREACHABLE_CODE = YES;
				CLANG_WARN__DUPLICATE_METHOD_MATCH = YES;
				COPY_PHASE_STRIP = NO;
				DEBUG_INFORMATION_FORMAT = dwarf;
				ENABLE_STRICT_OBJC_MSGSEND = YES;
				ENABLE_TESTABILITY = YES;
				GCC_C_LANGUAGE_STANDARD = gnu11;
				GCC_DYNAMIC_NO_PIC = NO;
				GCC_NO_COMMON_BLOCKS = YES;
				GCC_OPTIMIZATION_LEVEL = 0;
				GCC_PREPROCESSOR_DEFINITIONS = (
					"DEBUG=1",
					"$(inherited)",
				);
				GCC_WARN_64_TO_32_BIT_CONVERSION = YES;
				GCC_WARN_ABOUT_RETURN_TYPE = YES_ERROR;
				GCC_WARN_UNDECLARED_SELECTOR = YES;
				GCC_WARN_UNINITIALIZED_AUTOS = YES_AGGRESSIVE;
				GCC_WARN_UNUSED_FUNCTION = YES;
				GCC_WARN_UNUSED_VARIABLE = YES;
				IPHONEOS_DEPLOYMENT_TARGET = 16.4;
				MTL_ENABLE_DEBUG_INFO = INCLUDE_SOURCE;
				MTL_FAST_MATH = YES;
				ONLY_ACTIVE_ARCH = YES;
				SDKROOT = iphoneos;
				SWIFT_ACTIVE_COMPILATION_CONDITIONS = DEBUG;
				SWIFT_OPTIMIZATION_LEVEL = "-Onone";
			};
			name = Debug;
		};
		DFA674E92A19AA2E00E6D58E /* Release */ = {
			isa = XCBuildConfiguration;
			buildSettings = {
				ALWAYS_SEARCH_USER_PATHS = NO;
				CLANG_ANALYZER_NONNULL = YES;
				CLANG_ANALYZER_NUMBER_OBJECT_CONVERSION = YES_AGGRESSIVE;
				CLANG_CXX_LANGUAGE_STANDARD = "gnu++20";
				CLANG_ENABLE_MODULES = YES;
				CLANG_ENABLE_OBJC_ARC = YES;
				CLANG_ENABLE_OBJC_WEAK = YES;
				CLANG_WARN_BLOCK_CAPTURE_AUTORELEASING = YES;
				CLANG_WARN_BOOL_CONVERSION = YES;
				CLANG_WARN_COMMA = YES;
				CLANG_WARN_CONSTANT_CONVERSION = YES;
				CLANG_WARN_DEPRECATED_OBJC_IMPLEMENTATIONS = YES;
				CLANG_WARN_DIRECT_OBJC_ISA_USAGE = YES_ERROR;
				CLANG_WARN_DOCUMENTATION_COMMENTS = YES;
				CLANG_WARN_EMPTY_BODY = YES;
				CLANG_WARN_ENUM_CONVERSION = YES;
				CLANG_WARN_INFINITE_RECURSION = YES;
				CLANG_WARN_INT_CONVERSION = YES;
				CLANG_WARN_NON_LITERAL_NULL_CONVERSION = YES;
				CLANG_WARN_OBJC_IMPLICIT_RETAIN_SELF = YES;
				CLANG_WARN_OBJC_LITERAL_CONVERSION = YES;
				CLANG_WARN_OBJC_ROOT_CLASS = YES_ERROR;
				CLANG_WARN_QUOTED_INCLUDE_IN_FRAMEWORK_HEADER = YES;
				CLANG_WARN_RANGE_LOOP_ANALYSIS = YES;
				CLANG_WARN_STRICT_PROTOTYPES = YES;
				CLANG_WARN_SUSPICIOUS_MOVE = YES;
				CLANG_WARN_UNGUARDED_AVAILABILITY = YES_AGGRESSIVE;
				CLANG_WARN_UNREACHABLE_CODE = YES;
				CLANG_WARN__DUPLICATE_METHOD_MATCH = YES;
				COPY_PHASE_STRIP = NO;
				DEBUG_INFORMATION_FORMAT = "dwarf-with-dsym";
				ENABLE_NS_ASSERTIONS = NO;
				ENABLE_STRICT_OBJC_MSGSEND = YES;
				GCC_C_LANGUAGE_STANDARD = gnu11;
				GCC_NO_COMMON_BLOCKS = YES;
				GCC_WARN_64_TO_32_BIT_CONVERSION = YES;
				GCC_WARN_ABOUT_RETURN_TYPE = YES_ERROR;
				GCC_WARN_UNDECLARED_SELECTOR = YES;
				GCC_WARN_UNINITIALIZED_AUTOS = YES_AGGRESSIVE;
				GCC_WARN_UNUSED_FUNCTION = YES;
				GCC_WARN_UNUSED_VARIABLE = YES;
				IPHONEOS_DEPLOYMENT_TARGET = 16.4;
				MTL_ENABLE_DEBUG_INFO = NO;
				MTL_FAST_MATH = YES;
				SDKROOT = iphoneos;
				SWIFT_COMPILATION_MODE = wholemodule;
				SWIFT_OPTIMIZATION_LEVEL = "-O";
				VALIDATE_PRODUCT = YES;
			};
			name = Release;
		};
		DFA674EB2A19AA2E00E6D58E /* Debug */ = {
			isa = XCBuildConfiguration;
			buildSettings = {
				ASSETCATALOG_COMPILER_APPICON_NAME = AppIcon;
				ASSETCATALOG_COMPILER_GLOBAL_ACCENT_COLOR_NAME = AccentColor;
				CODE_SIGN_STYLE = Automatic;
				CURRENT_PROJECT_VERSION = 1;
				DEVELOPMENT_ASSET_PATHS = "\"MealGenerator/Preview Content\"";
				ENABLE_PREVIEWS = YES;
				GENERATE_INFOPLIST_FILE = YES;
				INFOPLIST_KEY_UIApplicationSceneManifest_Generation = YES;
				INFOPLIST_KEY_UIApplicationSupportsIndirectInputEvents = YES;
				INFOPLIST_KEY_UILaunchScreen_Generation = YES;
				INFOPLIST_KEY_UISupportedInterfaceOrientations_iPad = "UIInterfaceOrientationPortrait UIInterfaceOrientationPortraitUpsideDown UIInterfaceOrientationLandscapeLeft UIInterfaceOrientationLandscapeRight";
				INFOPLIST_KEY_UISupportedInterfaceOrientations_iPhone = "UIInterfaceOrientationPortrait UIInterfaceOrientationLandscapeLeft UIInterfaceOrientationLandscapeRight";
				LD_RUNPATH_SEARCH_PATHS = (
					"$(inherited)",
					"@executable_path/Frameworks",
				);
				MARKETING_VERSION = 1.0;
				PRODUCT_BUNDLE_IDENTIFIER = Vinodh.MealGenerator;
				PRODUCT_NAME = "$(TARGET_NAME)";
				SWIFT_EMIT_LOC_STRINGS = YES;
				SWIFT_VERSION = 5.0;
				TARGETED_DEVICE_FAMILY = "1,2";
			};
			name = Debug;
		};
		DFA674EC2A19AA2E00E6D58E /* Release */ = {
			isa = XCBuildConfiguration;
			buildSettings = {
				ASSETCATALOG_COMPILER_APPICON_NAME = AppIcon;
				ASSETCATALOG_COMPILER_GLOBAL_ACCENT_COLOR_NAME = AccentColor;
				CODE_SIGN_STYLE = Automatic;
				CURRENT_PROJECT_VERSION = 1;
				DEVELOPMENT_ASSET_PATHS = "\"MealGenerator/Preview Content\"";
				ENABLE_PREVIEWS = YES;
				GENERATE_INFOPLIST_FILE = YES;
				INFOPLIST_KEY_UIApplicationSceneManifest_Generation = YES;
				INFOPLIST_KEY_UIApplicationSupportsIndirectInputEvents = YES;
				INFOPLIST_KEY_UILaunchScreen_Generation = YES;
				INFOPLIST_KEY_UISupportedInterfaceOrientations_iPad = "UIInterfaceOrientationPortrait UIInterfaceOrientationPortraitUpsideDown UIInterfaceOrientationLandscapeLeft UIInterfaceOrientationLandscapeRight";
				INFOPLIST_KEY_UISupportedInterfaceOrientations_iPhone = "UIInterfaceOrientationPortrait UIInterfaceOrientationLandscapeLeft UIInterfaceOrientationLandscapeRight";
				LD_RUNPATH_SEARCH_PATHS = (
					"$(inherited)",
					"@executable_path/Frameworks",
				);
				MARKETING_VERSION = 1.0;
				PRODUCT_BUNDLE_IDENTIFIER = Vinodh.MealGenerator;
				PRODUCT_NAME = "$(TARGET_NAME)";
				SWIFT_EMIT_LOC_STRINGS = YES;
				SWIFT_VERSION = 5.0;
				TARGETED_DEVICE_FAMILY = "1,2";
			};
			name = Release;
		};
		DFA674EE2A19AA2E00E6D58E /* Debug */ = {
			isa = XCBuildConfiguration;
			buildSettings = {
				ALWAYS_EMBED_SWIFT_STANDARD_LIBRARIES = YES;
				BUNDLE_LOADER = "$(TEST_HOST)";
				CODE_SIGN_STYLE = Automatic;
				CURRENT_PROJECT_VERSION = 1;
				GENERATE_INFOPLIST_FILE = YES;
				IPHONEOS_DEPLOYMENT_TARGET = 16.4;
				MARKETING_VERSION = 1.0;
				PRODUCT_BUNDLE_IDENTIFIER = Vinodh.MealGeneratorTests;
				PRODUCT_NAME = "$(TARGET_NAME)";
				SWIFT_EMIT_LOC_STRINGS = NO;
				SWIFT_VERSION = 5.0;
				TARGETED_DEVICE_FAMILY = "1,2";
				TEST_HOST = "$(BUILT_PRODUCTS_DIR)/MealGenerator.app/$(BUNDLE_EXECUTABLE_FOLDER_PATH)/MealGenerator";
			};
			name = Debug;
		};
		DFA674EF2A19AA2E00E6D58E /* Release */ = {
			isa = XCBuildConfiguration;
			buildSettings = {
				ALWAYS_EMBED_SWIFT_STANDARD_LIBRARIES = YES;
				BUNDLE_LOADER = "$(TEST_HOST)";
				CODE_SIGN_STYLE = Automatic;
				CURRENT_PROJECT_VERSION = 1;
				GENERATE_INFOPLIST_FILE = YES;
				IPHONEOS_DEPLOYMENT_TARGET = 16.4;
				MARKETING_VERSION = 1.0;
				PRODUCT_BUNDLE_IDENTIFIER = Vinodh.MealGeneratorTests;
				PRODUCT_NAME = "$(TARGET_NAME)";
				SWIFT_EMIT_LOC_STRINGS = NO;
				SWIFT_VERSION = 5.0;
				TARGETED_DEVICE_FAMILY = "1,2";
				TEST_HOST = "$(BUILT_PRODUCTS_DIR)/MealGenerator.app/$(BUNDLE_EXECUTABLE_FOLDER_PATH)/MealGenerator";
			};
			name = Release;
		};
		DFA674F12A19AA2E00E6D58E /* Debug */ = {
			isa = XCBuildConfiguration;
			buildSettings = {
				ALWAYS_EMBED_SWIFT_STANDARD_LIBRARIES = YES;
				CODE_SIGN_STYLE = Automatic;
				CURRENT_PROJECT_VERSION = 1;
				GENERATE_INFOPLIST_FILE = YES;
				MARKETING_VERSION = 1.0;
				PRODUCT_BUNDLE_IDENTIFIER = Vinodh.MealGeneratorUITests;
				PRODUCT_NAME = "$(TARGET_NAME)";
				SWIFT_EMIT_LOC_STRINGS = NO;
				SWIFT_VERSION = 5.0;
				TARGETED_DEVICE_FAMILY = "1,2";
				TEST_TARGET_NAME = MealGenerator;
			};
			name = Debug;
		};
		DFA674F22A19AA2E00E6D58E /* Release */ = {
			isa = XCBuildConfiguration;
			buildSettings = {
				ALWAYS_EMBED_SWIFT_STANDARD_LIBRARIES = YES;
				CODE_SIGN_STYLE = Automatic;
				CURRENT_PROJECT_VERSION = 1;
				GENERATE_INFOPLIST_FILE = YES;
				MARKETING_VERSION = 1.0;
				PRODUCT_BUNDLE_IDENTIFIER = Vinodh.MealGeneratorUITests;
				PRODUCT_NAME = "$(TARGET_NAME)";
				SWIFT_EMIT_LOC_STRINGS = NO;
				SWIFT_VERSION = 5.0;
				TARGETED_DEVICE_FAMILY = "1,2";
				TEST_TARGET_NAME = MealGenerator;
			};
			name = Release;
		};
/* End XCBuildConfiguration section */

/* Begin XCConfigurationList section */
		DFA674C12A19AA2C00E6D58E /* Build configuration list for PBXProject "MealGenerator" */ = {
			isa = XCConfigurationList;
			buildConfigurations = (
				DFA674E82A19AA2E00E6D58E /* Debug */,
				DFA674E92A19AA2E00E6D58E /* Release */,
			);
			defaultConfigurationIsVisible = 0;
			defaultConfigurationName = Release;
		};
		DFA674EA2A19AA2E00E6D58E /* Build configuration list for PBXNativeTarget "MealGenerator" */ = {
			isa = XCConfigurationList;
			buildConfigurations = (
				DFA674EB2A19AA2E00E6D58E /* Debug */,
				DFA674EC2A19AA2E00E6D58E /* Release */,
			);
			defaultConfigurationIsVisible = 0;
			defaultConfigurationName = Release;
		};
		DFA674ED2A19AA2E00E6D58E /* Build configuration list for PBXNativeTarget "MealGeneratorTests" */ = {
			isa = XCConfigurationList;
			buildConfigurations = (
				DFA674EE2A19AA2E00E6D58E /* Debug */,
				DFA674EF2A19AA2E00E6D58E /* Release */,
			);
			defaultConfigurationIsVisible = 0;
			defaultConfigurationName = Release;
		};
		DFA674F02A19AA2E00E6D58E /* Build configuration list for PBXNativeTarget "MealGeneratorUITests" */ = {
			isa = XCConfigurationList;
			buildConfigurations = (
				DFA674F12A19AA2E00E6D58E /* Debug */,
				DFA674F22A19AA2E00E6D58E /* Release */,
			);
			defaultConfigurationIsVisible = 0;
			defaultConfigurationName = Release;
		};
/* End XCConfigurationList section */
	};
	rootObject = DFA674BE2A19AA2C00E6D58E /* Project object */;
}
